PODS:
  - Alamofire (4.8.2)
  - ColorThiefSwift (0.3.1)
  - SDWebImage (5.0.2):
    - SDWebImage/Core (= 5.0.2)
  - SDWebImage/Core (5.0.2)
  - SwiftyJSON (5.0.0)

DEPENDENCIES:
  - Alamofire
  - ColorThiefSwift
  - SDWebImage
  - SwiftyJSON

SPEC REPOS:
  https://github.com/cocoapods/specs.git:
    - Alamofire
    - ColorThiefSwift
    - SDWebImage
    - SwiftyJSON

SPEC CHECKSUMS:
  Alamofire: ae5c501addb7afdbb13687d7f2f722c78734c2d3
  ColorThiefSwift: f8d2d716294db30cb7fd662ceb7e1b2e488bb3c7
  SDWebImage: 6764b5fa0f73c203728052955dbefa2bf1f33282
  SwiftyJSON: 36413e04c44ee145039d332b4f4e2d3e8d6c4db7

PODFILE CHECKSUM: 70897f18fe819d41fa65f7c881c921d892e18e82

COCOAPODS: 1.6.1
